
Microsoft Visual Studio Solution File, Format Version 12.00
# Visual Studio Version 17
VisualStudioVersion = 17.5.2.0
MinimumVisualStudioVersion = 10.0.40219.1
Project("{2150E333-8FDC-42A3-9474-1A3956D46DE8}") = "tests", "tests", "{0AB3BF05-4346-4AA6-1389-037BE0695223}"
EndProject
Project("{FAE04EC0-301F-11D3-BF4B-00C04F79EFBC}") = "GoogolSharp.Tests", "tests\GoogolSharp.Tests\GoogolSharp.Tests.csproj", "{74B780F2-B031-4FBD-B1C4-7F6A0F693884}"
EndProject
Project("{2150E333-8FDC-42A3-9474-1A3956D46DE8}") = "src", "src", "{827E0CD3-B72D-47B6-A68D-7590B98EB39B}"
EndProject
Project("{FAE04EC0-301F-11D3-BF4B-00C04F79EFBC}") = "GoogolSharp", "src\GoogolSharp\GoogolSharp.csproj", "{F40A7234-4151-44C0-B7AE-02A72CE8AAC0}"
EndProject
Global
	GlobalSection(SolutionConfigurationPlatforms) = preSolution
		Debug|Any CPU = Debug|Any CPU
		Debug|x64 = Debug|x64
		Debug|x86 = Debug|x86
		Release|Any CPU = Release|Any CPU
		Release|x64 = Release|x64
		Release|x86 = Release|x86
	EndGlobalSection
	GlobalSection(ProjectConfigurationPlatforms) = postSolution
		{20820D4F-33C5-061C-D02B-61887A53A39A}.Debug|Any CPU.ActiveCfg = Debug|Any CPU
		{20820D4F-33C5-061C-D02B-61887A53A39A}.Debug|Any CPU.Build.0 = Debug|Any CPU
		{20820D4F-33C5-061C-D02B-61887A53A39A}.Debug|x64.ActiveCfg = Debug|Any CPU
		{20820D4F-33C5-061C-D02B-61887A53A39A}.Debug|x64.Build.0 = Debug|Any CPU
		{20820D4F-33C5-061C-D02B-61887A53A39A}.Debug|x86.ActiveCfg = Debug|Any CPU
		{20820D4F-33C5-061C-D02B-61887A53A39A}.Debug|x86.Build.0 = Debug|Any CPU
		{20820D4F-33C5-061C-D02B-61887A53A39A}.Release|Any CPU.ActiveCfg = Release|Any CPU
		{20820D4F-33C5-061C-D02B-61887A53A39A}.Release|Any CPU.Build.0 = Release|Any CPU
		{20820D4F-33C5-061C-D02B-61887A53A39A}.Release|x64.ActiveCfg = Release|Any CPU
		{20820D4F-33C5-061C-D02B-61887A53A39A}.Release|x64.Build.0 = Release|Any CPU
		{20820D4F-33C5-061C-D02B-61887A53A39A}.Release|x86.ActiveCfg = Release|Any CPU
		{20820D4F-33C5-061C-D02B-61887A53A39A}.Release|x86.Build.0 = Release|Any CPU
		{74B780F2-B031-4FBD-B1C4-7F6A0F693884}.Debug|Any CPU.ActiveCfg = Debug|Any CPU
		{74B780F2-B031-4FBD-B1C4-7F6A0F693884}.Debug|Any CPU.Build.0 = Debug|Any CPU
		{74B780F2-B031-4FBD-B1C4-7F6A0F693884}.Debug|x64.ActiveCfg = Debug|Any CPU
		{74B780F2-B031-4FBD-B1C4-7F6A0F693884}.Debug|x64.Build.0 = Debug|Any CPU
		{74B780F2-B031-4FBD-B1C4-7F6A0F693884}.Debug|x86.ActiveCfg = Debug|Any CPU
		{74B780F2-B031-4FBD-B1C4-7F6A0F693884}.Debug|x86.Build.0 = Debug|Any CPU
		{74B780F2-B031-4FBD-B1C4-7F6A0F693884}.Release|Any CPU.ActiveCfg = Release|Any CPU
		{74B780F2-B031-4FBD-B1C4-7F6A0F693884}.Release|Any CPU.Build.0 = Release|Any CPU
		{74B780F2-B031-4FBD-B1C4-7F6A0F693884}.Release|x64.ActiveCfg = Release|Any CPU
		{74B780F2-B031-4FBD-B1C4-7F6A0F693884}.Release|x64.Build.0 = Release|Any CPU
		{74B780F2-B031-4FBD-B1C4-7F6A0F693884}.Release|x86.ActiveCfg = Release|Any CPU
		{74B780F2-B031-4FBD-B1C4-7F6A0F693884}.Release|x86.Build.0 = Release|Any CPU
		{F40A7234-4151-44C0-B7AE-02A72CE8AAC0}.Debug|Any CPU.ActiveCfg = Debug|Any CPU
		{F40A7234-4151-44C0-B7AE-02A72CE8AAC0}.Debug|Any CPU.Build.0 = Debug|Any CPU
		{F40A7234-4151-44C0-B7AE-02A72CE8AAC0}.Debug|x64.ActiveCfg = Debug|Any CPU
		{F40A7234-4151-44C0-B7AE-02A72CE8AAC0}.Debug|x64.Build.0 = Debug|Any CPU
		{F40A7234-4151-44C0-B7AE-02A72CE8AAC0}.Debug|x86.ActiveCfg = Debug|Any CPU
		{F40A7234-4151-44C0-B7AE-02A72CE8AAC0}.Debug|x86.Build.0 = Debug|Any CPU
		{F40A7234-4151-44C0-B7AE-02A72CE8AAC0}.Release|Any CPU.ActiveCfg = Release|Any CPU
		{F40A7234-4151-44C0-B7AE-02A72CE8AAC0}.Release|Any CPU.Build.0 = Release|Any CPU
		{F40A7234-4151-44C0-B7AE-02A72CE8AAC0}.Release|x64.ActiveCfg = Release|Any CPU
		{F40A7234-4151-44C0-B7AE-02A72CE8AAC0}.Release|x64.Build.0 = Release|Any CPU
		{F40A7234-4151-44C0-B7AE-02A72CE8AAC0}.Release|x86.ActiveCfg = Release|Any CPU
		{F40A7234-4151-44C0-B7AE-02A72CE8AAC0}.Release|x86.Build.0 = Release|Any CPU
	EndGlobalSection
	GlobalSection(SolutionProperties) = preSolution
		HideSolutionNode = FALSE
	EndGlobalSection
	GlobalSection(NestedProjects) = preSolution
		{74B780F2-B031-4FBD-B1C4-7F6A0F693884} = {0AB3BF05-4346-4AA6-1389-037BE0695223}
		{F40A7234-4151-44C0-B7AE-02A72CE8AAC0} = {827E0CD3-B72D-47B6-A68D-7590B98EB39B}
	EndGlobalSection
	GlobalSection(ExtensibilityGlobals) = postSolution
		SolutionGuid = {89A4B71E-70CB-48F3-BE03-F7C26064C51F}
	EndGlobalSection
EndGlobal
